Microsoft Visual Studio Solution File, Format Version 12.00
# Visual Studio Version 17
VisualStudioVersion = 17.0.31611.283
MinimumVisualStudioVersion = 10.0.40219.1
Project("{9A19103F-16F7-4668-BE54-9A1E7A4F7556}") = "FutureCentury.Tonzil", "FutureCentury.Tonzil\FutureCentury.Tonzil.csproj", "{E9750160-5942-4E19-89BB-5D8E4AF2912B}"
EndProject
Project("{2150E333-8FDC-42A3-9474-1A3956D46DE8}") = "App", "App", "{F56638A0-4897-40EB-B6D1-0E501342B252}"
EndProject
Project("{2150E333-8FDC-42A3-9474-1A3956D46DE8}") = "Misskey", "Misskey", "{98C67350-92DA-41BD-9B98-0ABB84DEBA75}"
EndProject
Project("{9A19103F-16F7-4668-BE54-9A1E7A4F7556}") = "Misskey", "Misskey\Misskey.csproj", "{1EDB157C-F211-4E52-985C-EE08CC37EF63}"
EndProject
Project("{2150E333-8FDC-42A3-9474-1A3956D46DE8}") = "Tests", "Tests", "{6B29DECD-11BB-4E6F-A6C7-BE01E1F41F04}"
EndProject
Project("{9A19103F-16F7-4668-BE54-9A1E7A4F7556}") = "Misskey.Tests", "Misskey.Tests\Misskey.Tests.csproj", "{4259581B-56DE-4F40-9F18-95A5ECCE0DB5}"
EndProject
Global
	GlobalSection(SolutionConfigurationPlatforms) = preSolution
		Debug|Any CPU = Debug|Any CPU
		Release|Any CPU = Release|Any CPU
	EndGlobalSection
	GlobalSection(ProjectConfigurationPlatforms) = postSolution
		{E9750160-5942-4E19-89BB-5D8E4AF2912B}.Debug|Any CPU.ActiveCfg = Debug|Any CPU
		{E9750160-5942-4E19-89BB-5D8E4AF2912B}.Debug|Any CPU.Build.0 = Debug|Any CPU
		{E9750160-5942-4E19-89BB-5D8E4AF2912B}.Debug|Any CPU.Deploy.0 = Debug|Any CPU
		{E9750160-5942-4E19-89BB-5D8E4AF2912B}.Release|Any CPU.ActiveCfg = Release|Any CPU
		{E9750160-5942-4E19-89BB-5D8E4AF2912B}.Release|Any CPU.Build.0 = Release|Any CPU
		{E9750160-5942-4E19-89BB-5D8E4AF2912B}.Release|Any CPU.Deploy.0 = Release|Any CPU
		{1EDB157C-F211-4E52-985C-EE08CC37EF63}.Debug|Any CPU.ActiveCfg = Debug|Any CPU
		{1EDB157C-F211-4E52-985C-EE08CC37EF63}.Debug|Any CPU.Build.0 = Debug|Any CPU
		{1EDB157C-F211-4E52-985C-EE08CC37EF63}.Release|Any CPU.ActiveCfg = Release|Any CPU
		{1EDB157C-F211-4E52-985C-EE08CC37EF63}.Release|Any CPU.Build.0 = Release|Any CPU
		{4259581B-56DE-4F40-9F18-95A5ECCE0DB5}.Debug|Any CPU.ActiveCfg = Debug|Any CPU
		{4259581B-56DE-4F40-9F18-95A5ECCE0DB5}.Debug|Any CPU.Build.0 = Debug|Any CPU
		{4259581B-56DE-4F40-9F18-95A5ECCE0DB5}.Release|Any CPU.ActiveCfg = Release|Any CPU
		{4259581B-56DE-4F40-9F18-95A5ECCE0DB5}.Release|Any CPU.Build.0 = Release|Any CPU
	EndGlobalSection
	GlobalSection(SolutionProperties) = preSolution
		HideSolutionNode = FALSE
	EndGlobalSection
	GlobalSection(NestedProjects) = preSolution
		{E9750160-5942-4E19-89BB-5D8E4AF2912B} = {F56638A0-4897-40EB-B6D1-0E501342B252}
		{1EDB157C-F211-4E52-985C-EE08CC37EF63} = {98C67350-92DA-41BD-9B98-0ABB84DEBA75}
		{4259581B-56DE-4F40-9F18-95A5ECCE0DB5} = {6B29DECD-11BB-4E6F-A6C7-BE01E1F41F04}
	EndGlobalSection
	GlobalSection(ExtensibilityGlobals) = postSolution
		SolutionGuid = {61F7FB11-1E47-470C-91E2-47F8143E1572}
	EndGlobalSection
EndGlobal
